
Microsoft Visual Studio Solution File, Format Version 12.00
# Visual Studio Version 16
VisualStudioVersion = 16.0.31624.102
MinimumVisualStudioVersion = 10.0.40219.1
Project("{FAE04EC0-301F-11D3-BF4B-00C04F79EFBC}") = "1912983_Danial_Gosse_Midterm", "1912983_Danial_Gosse_Midterm\1912983_Danial_Gosse_Midterm.csproj", "{60CA2967-4924-4064-846D-A252CB35D15A}"
EndProject
Global
	GlobalSection(SolutionConfigurationPlatforms) = preSolution
		Debug|Any CPU = Debug|Any CPU
		Release|Any CPU = Release|Any CPU
	EndGlobalSection
	GlobalSection(ProjectConfigurationPlatforms) = postSolution
		{60CA2967-4924-4064-846D-A252CB35D15A}.Debug|Any CPU.ActiveCfg = Debug|Any CPU
		{60CA2967-4924-4064-846D-A252CB35D15A}.Debug|Any CPU.Build.0 = Debug|Any CPU
		{60CA2967-4924-4064-846D-A252CB35D15A}.Release|Any CPU.ActiveCfg = Release|Any CPU
		{60CA2967-4924-4064-846D-A252CB35D15A}.Release|Any CPU.Build.0 = Release|Any CPU
	EndGlobalSection
	GlobalSection(SolutionProperties) = preSolution
		HideSolutionNode = FALSE
	EndGlobalSection
	GlobalSection(ExtensibilityGlobals) = postSolution
		SolutionGuid = {AC2C9CA9-8830-4690-B78E-17552797741E}
	EndGlobalSection
EndGlobal
